
Microsoft Visual Studio Solution File, Format Version 12.00
# Visual Studio Version 17
VisualStudioVersion = 17.3.32825.248
MinimumVisualStudioVersion = 10.0.40219.1
Project("{FAE04EC0-301F-11D3-BF4B-00C04F79EFBC}") = "AsynchronousServer", "AsynchronousServer.csproj", "{DE2BBF58-B3CD-43E6-B11D-858D66AC47C9}"
EndProject
Project("{FAE04EC0-301F-11D3-BF4B-00C04F79EFBC}") = "Client", "D:\SET_lvl3\PROG2121-Windows Programming\A05\HiloFinal\hilo\Client\Client.csproj", "{3906F3FB-345C-4A02-8AEC-07FE93BBE102}"
EndProject
Project("{FAE04EC0-301F-11D3-BF4B-00C04F79EFBC}") = "ServiceHiLo", "..\ServiceHiLo\ServiceHiLo.csproj", "{34218CF5-1E7D-4F2E-88F0-F3AF3E2B0250}"
EndProject
Global
	GlobalSection(SolutionConfigurationPlatforms) = preSolution
		Debug|Any CPU = Debug|Any CPU
		Release|Any CPU = Release|Any CPU
	EndGlobalSection
	GlobalSection(ProjectConfigurationPlatforms) = postSolution
		{DE2BBF58-B3CD-43E6-B11D-858D66AC47C9}.Debug|Any CPU.ActiveCfg = Debug|Any CPU
		{DE2BBF58-B3CD-43E6-B11D-858D66AC47C9}.Debug|Any CPU.Build.0 = Debug|Any CPU
		{DE2BBF58-B3CD-43E6-B11D-858D66AC47C9}.Release|Any CPU.ActiveCfg = Release|Any CPU
		{DE2BBF58-B3CD-43E6-B11D-858D66AC47C9}.Release|Any CPU.Build.0 = Release|Any CPU
		{3906F3FB-345C-4A02-8AEC-07FE93BBE102}.Debug|Any CPU.ActiveCfg = Debug|Any CPU
		{3906F3FB-345C-4A02-8AEC-07FE93BBE102}.Debug|Any CPU.Build.0 = Debug|Any CPU
		{3906F3FB-345C-4A02-8AEC-07FE93BBE102}.Release|Any CPU.ActiveCfg = Release|Any CPU
		{3906F3FB-345C-4A02-8AEC-07FE93BBE102}.Release|Any CPU.Build.0 = Release|Any CPU
		{34218CF5-1E7D-4F2E-88F0-F3AF3E2B0250}.Debug|Any CPU.ActiveCfg = Debug|Any CPU
		{34218CF5-1E7D-4F2E-88F0-F3AF3E2B0250}.Debug|Any CPU.Build.0 = Debug|Any CPU
		{34218CF5-1E7D-4F2E-88F0-F3AF3E2B0250}.Release|Any CPU.ActiveCfg = Release|Any CPU
		{34218CF5-1E7D-4F2E-88F0-F3AF3E2B0250}.Release|Any CPU.Build.0 = Release|Any CPU
	EndGlobalSection
	GlobalSection(SolutionProperties) = preSolution
		HideSolutionNode = FALSE
	EndGlobalSection
	GlobalSection(ExtensibilityGlobals) = postSolution
		SolutionGuid = {ED3C7C79-CBFE-4458-A123-B097A9CE1062}
	EndGlobalSection
EndGlobal
